
Microsoft Visual Studio Solution File, Format Version 12.00
# Visual Studio Version 16
VisualStudioVersion = 16.0.30804.86
MinimumVisualStudioVersion = 10.0.40219.1
Project("{FAE04EC0-301F-11D3-BF4B-00C04F79EFBC}") = "Zachet2", "Zachet2.csproj", "{F2185746-B52E-43AA-9351-DF1CCCC317B8}"
EndProject
Global
	GlobalSection(SolutionConfigurationPlatforms) = preSolution
		Debug|Any CPU = Debug|Any CPU
		Release|Any CPU = Release|Any CPU
	EndGlobalSection
	GlobalSection(ProjectConfigurationPlatforms) = postSolution
		{F2185746-B52E-43AA-9351-DF1CCCC317B8}.Debug|Any CPU.ActiveCfg = Debug|Any CPU
		{F2185746-B52E-43AA-9351-DF1CCCC317B8}.Debug|Any CPU.Build.0 = Debug|Any CPU
		{F2185746-B52E-43AA-9351-DF1CCCC317B8}.Release|Any CPU.ActiveCfg = Release|Any CPU
		{F2185746-B52E-43AA-9351-DF1CCCC317B8}.Release|Any CPU.Build.0 = Release|Any CPU
	EndGlobalSection
	GlobalSection(SolutionProperties) = preSolution
		HideSolutionNode = FALSE
	EndGlobalSection
	GlobalSection(ExtensibilityGlobals) = postSolution
		SolutionGuid = {2ECCCB91-8C08-43CE-8D97-63C565B3CE26}
	EndGlobalSection
EndGlobal
